// !$*UTF8*$!
{
	archiveVersion = 1;
	classes = {
	};
	objectVersion = 50;
	objects = {

/* Begin PBXBuildFile section */
		4E8A46A525A4B18400F51C7C /* MemorizeApp.swift in Sources */ = {isa = PBXBuildFile; fileRef = 4E8A46A425A4B18400F51C7C /* MemorizeApp.swift */; };
		4E8A46A725A4B18400F51C7C /* EmojiMemoryGameView.swift in Sources */ = {isa = PBXBuildFile; fileRef = 4E8A46A625A4B18400F51C7C /* EmojiMemoryGameView.swift */; };
		4E8A46A925A4B18600F51C7C /* Assets.xcassets in Resources */ = {isa = PBXBuildFile; fileRef = 4E8A46A825A4B18600F51C7C /* Assets.xcassets */; };
		4E8A46AC25A4B18600F51C7C /* Preview Assets.xcassets in Resources */ = {isa = PBXBuildFile; fileRef = 4E8A46AB25A4B18600F51C7C /* Preview Assets.xcassets */; };
		4E8A46B525A4B8F600F51C7C /* MemoryGame.swift in Sources */ = {isa = PBXBuildFile; fileRef = 4E8A46B425A4B8F600F51C7C /* MemoryGame.swift */; };
		4E8A46B825A4BA2100F51C7C /* EmojiMemoryGame.swift in Sources */ = {isa = PBXBuildFile; fileRef = 4E8A46B725A4BA2100F51C7C /* EmojiMemoryGame.swift */; };
		4E8A46BC25A5A87000F51C7C /* Grid.swift in Sources */ = {isa = PBXBuildFile; fileRef = 4E8A46BB25A5A87000F51C7C /* Grid.swift */; };
		4E8A46BF25A5B0D200F51C7C /* GridLayout.swift in Sources */ = {isa = PBXBuildFile; fileRef = 4E8A46BE25A5B0D200F51C7C /* GridLayout.swift */; };
		4E8A46C225A5BED400F51C7C /* Array+Identifible.swift in Sources */ = {isa = PBXBuildFile; fileRef = 4E8A46C125A5BED400F51C7C /* Array+Identifible.swift */; };
		D2DCC2B425AEA7BB00AA93D9 /* Array+Only.swift in Sources */ = {isa = PBXBuildFile; fileRef = D2DCC2B325AEA7BB00AA93D9 /* Array+Only.swift */; };
		D2DCC2B725AEABBF00AA93D9 /* Theme.swift in Sources */ = {isa = PBXBuildFile; fileRef = D2DCC2B625AEABBF00AA93D9 /* Theme.swift */; };
		D2F05C8525B7237400D96ECD /* Pie.swift in Sources */ = {isa = PBXBuildFile; fileRef = D2F05C8425B7237400D96ECD /* Pie.swift */; };
		D2F05C8825B731FB00D96ECD /* Cardify.swift in Sources */ = {isa = PBXBuildFile; fileRef = D2F05C8725B731FB00D96ECD /* Cardify.swift */; };
/* End PBXBuildFile section */

/* Begin PBXFileReference section */
		4E8A46A125A4B18400F51C7C /* Memorize.app */ = {isa = PBXFileReference; explicitFileType = wrapper.application; includeInIndex = 0; path = Memorize.app; sourceTree = BUILT_PRODUCTS_DIR; };
		4E8A46A425A4B18400F51C7C /* MemorizeApp.swift */ = {isa = PBXFileReference; lastKnownFileType = sourcecode.swift; path = MemorizeApp.swift; sourceTree = "<group>"; };
		4E8A46A625A4B18400F51C7C /* EmojiMemoryGameView.swift */ = {isa = PBXFileReference; lastKnownFileType = sourcecode.swift; path = EmojiMemoryGameView.swift; sourceTree = "<group>"; };
		4E8A46A825A4B18600F51C7C /* Assets.xcassets */ = {isa = PBXFileReference; lastKnownFileType = folder.assetcatalog; path = Assets.xcassets; sourceTree = "<group>"; };
		4E8A46AB25A4B18600F51C7C /* Preview Assets.xcassets */ = {isa = PBXFileReference; lastKnownFileType = folder.assetcatalog; path = "Preview Assets.xcassets"; sourceTree = "<group>"; };
		4E8A46AD25A4B18600F51C7C /* Info.plist */ = {isa = PBXFileReference; lastKnownFileType = text.plist.xml; path = Info.plist; sourceTree = "<group>"; };
		4E8A46B425A4B8F600F51C7C /* MemoryGame.swift */ = {isa = PBXFileReference; lastKnownFileType = sourcecode.swift; path = MemoryGame.swift; sourceTree = "<group>"; };
		4E8A46B725A4BA2100F51C7C /* EmojiMemoryGame.swift */ = {isa = PBXFileReference; lastKnownFileType = sourcecode.swift; path = EmojiMemoryGame.swift; sourceTree = "<group>"; };
		4E8A46BB25A5A87000F51C7C /* Grid.swift */ = {isa = PBXFileReference; lastKnownFileType = sourcecode.swift; path = Grid.swift; sourceTree = "<group>"; };
		4E8A46BE25A5B0D200F51C7C /* GridLayout.swift */ = {isa = PBXFileReference; fileEncoding = 4; lastKnownFileType = sourcecode.swift; path = GridLayout.swift; sourceTree = "<group>"; };
		4E8A46C125A5BED400F51C7C /* Array+Identifible.swift */ = {isa = PBXFileReference; lastKnownFileType = sourcecode.swift; path = "Array+Identifible.swift"; sourceTree = "<group>"; };
		D2DCC2B325AEA7BB00AA93D9 /* Array+Only.swift */ = {isa = PBXFileReference; lastKnownFileType = sourcecode.swift; path = "Array+Only.swift"; sourceTree = "<group>"; };
		D2DCC2B625AEABBF00AA93D9 /* Theme.swift */ = {isa = PBXFileReference; lastKnownFileType = sourcecode.swift; path = Theme.swift; sourceTree = "<group>"; };
		D2F05C8425B7237400D96ECD /* Pie.swift */ = {isa = PBXFileReference; lastKnownFileType = sourcecode.swift; path = Pie.swift; sourceTree = "<group>"; };
		D2F05C8725B731FB00D96ECD /* Cardify.swift */ = {isa = PBXFileReference; lastKnownFileType = sourcecode.swift; path = Cardify.swift; sourceTree = "<group>"; };
/* End PBXFileReference section */

/* Begin PBXFrameworksBuildPhase section */
		4E8A469E25A4B18400F51C7C /* Frameworks */ = {
			isa = PBXFrameworksBuildPhase;
			buildActionMask = 2147483647;
			files = (
			);
			runOnlyForDeploymentPostprocessing = 0;
		};
/* End PBXFrameworksBuildPhase section */

/* Begin PBXGroup section */
		4E8A469825A4B18400F51C7C = {
			isa = PBXGroup;
			children = (
				4E8A46A325A4B18400F51C7C /* Memorize */,
				4E8A46A225A4B18400F51C7C /* Products */,
			);
			sourceTree = "<group>";
		};
		4E8A46A225A4B18400F51C7C /* Products */ = {
			isa = PBXGroup;
			children = (
				4E8A46A125A4B18400F51C7C /* Memorize.app */,
			);
			name = Products;
			sourceTree = "<group>";
		};
		4E8A46A325A4B18400F51C7C /* Memorize */ = {
			isa = PBXGroup;
			children = (
				4E8A46A425A4B18400F51C7C /* MemorizeApp.swift */,
				4E8A46B425A4B8F600F51C7C /* MemoryGame.swift */,
				4E8A46A625A4B18400F51C7C /* EmojiMemoryGameView.swift */,
				4E8A46B725A4BA2100F51C7C /* EmojiMemoryGame.swift */,
				D2DCC2B625AEABBF00AA93D9 /* Theme.swift */,
				4E8A46BB25A5A87000F51C7C /* Grid.swift */,
				4E8A46BE25A5B0D200F51C7C /* GridLayout.swift */,
				D2F05C8725B731FB00D96ECD /* Cardify.swift */,
				D2F05C8425B7237400D96ECD /* Pie.swift */,
				4E8A46C125A5BED400F51C7C /* Array+Identifible.swift */,
				D2DCC2B325AEA7BB00AA93D9 /* Array+Only.swift */,
				4E8A46A825A4B18600F51C7C /* Assets.xcassets */,
				4E8A46AD25A4B18600F51C7C /* Info.plist */,
				4E8A46AA25A4B18600F51C7C /* Preview Content */,
			);
			path = Memorize;
			sourceTree = "<group>";
		};
		4E8A46AA25A4B18600F51C7C /* Preview Content */ = {
			isa = PBXGroup;
			children = (
				4E8A46AB25A4B18600F51C7C /* Preview Assets.xcassets */,
			);
			path = "Preview Content";
			sourceTree = "<group>";
		};
/* End PBXGroup section */

/* Begin PBXNativeTarget section */
		4E8A46A025A4B18400F51C7C /* Memorize */ = {
			isa = PBXNativeTarget;
			buildConfigurationList = 4E8A46B025A4B18600F51C7C /* Build configuration list for PBXNativeTarget "Memorize" */;
			buildPhases = (
				4E8A469D25A4B18400F51C7C /* Sources */,
				4E8A469E25A4B18400F51C7C /* Frameworks */,
				4E8A469F25A4B18400F51C7C /* Resources */,
			);
			buildRules = (
			);
			dependencies = (
			);
			name = Memorize;
			productName = Memorize;
			productReference = 4E8A46A125A4B18400F51C7C /* Memorize.app */;
			productType = "com.apple.product-type.application";
		};
/* End PBXNativeTarget section */

/* Begin PBXProject section */
		4E8A469925A4B18400F51C7C /* Project object */ = {
			isa = PBXProject;
			attributes = {
				LastSwiftUpdateCheck = 1220;
				LastUpgradeCheck = 1220;
				TargetAttributes = {
					4E8A46A025A4B18400F51C7C = {
						CreatedOnToolsVersion = 12.2;
					};
				};
			};
			buildConfigurationList = 4E8A469C25A4B18400F51C7C /* Build configuration list for PBXProject "Memorize" */;
			compatibilityVersion = "Xcode 9.3";
			developmentRegion = en;
			hasScannedForEncodings = 0;
			knownRegions = (
				en,
				Base,
			);
			mainGroup = 4E8A469825A4B18400F51C7C;
			productRefGroup = 4E8A46A225A4B18400F51C7C /* Products */;
			projectDirPath = "";
			projectRoot = "";
			targets = (
				4E8A46A025A4B18400F51C7C /* Memorize */,
			);
		};
/* End PBXProject section */

/* Begin PBXResourcesBuildPhase section */
		4E8A469F25A4B18400F51C7C /* Resources */ = {
			isa = PBXResourcesBuildPhase;
			buildActionMask = 2147483647;
			files = (
				4E8A46AC25A4B18600F51C7C /* Preview Assets.xcassets in Resources */,
				4E8A46A925A4B18600F51C7C /* Assets.xcassets in Resources */,
			);
			runOnlyForDeploymentPostprocessing = 0;
		};
/* End PBXResourcesBuildPhase section */

/* Begin PBXSourcesBuildPhase section */
		4E8A469D25A4B18400F51C7C /* Sources */ = {
			isa = PBXSourcesBuildPhase;
			buildActionMask = 2147483647;
			files = (
				D2F05C8825B731FB00D96ECD /* Cardify.swift in Sources */,
				D2F05C8525B7237400D96ECD /* Pie.swift in Sources */,
				D2DCC2B725AEABBF00AA93D9 /* Theme.swift in Sources */,
				4E8A46B525A4B8F600F51C7C /* MemoryGame.swift in Sources */,
				4E8A46A725A4B18400F51C7C /* EmojiMemoryGameView.swift in Sources */,
				4E8A46A525A4B18400F51C7C /* MemorizeApp.swift in Sources */,
				4E8A46BF25A5B0D200F51C7C /* GridLayout.swift in Sources */,
				4E8A46BC25A5A87000F51C7C /* Grid.swift in Sources */,
				4E8A46C225A5BED400F51C7C /* Array+Identifible.swift in Sources */,
				4E8A46B825A4BA2100F51C7C /* EmojiMemoryGame.swift in Sources */,
				D2DCC2B425AEA7BB00AA93D9 /* Array+Only.swift in Sources */,
			);
			runOnlyForDeploymentPostprocessing = 0;
		};
/* End PBXSourcesBuildPhase section */

/* Begin XCBuildConfiguration section */
		4E8A46AE25A4B18600F51C7C /* Debug */ = {
			isa = XCBuildConfiguration;
			buildSettings = {
				ALWAYS_SEARCH_USER_PATHS = NO;
				CLANG_ANALYZER_NONNULL = YES;
				CLANG_ANALYZER_NUMBER_OBJECT_CONVERSION = YES_AGGRESSIVE;
				CLANG_CXX_LANGUAGE_STANDARD = "gnu++14";
				CLANG_CXX_LIBRARY = "libc++";
				CLANG_ENABLE_MODULES = YES;
				CLANG_ENABLE_OBJC_ARC = YES;
				CLANG_ENABLE_OBJC_WEAK = YES;
				CLANG_WARN_BLOCK_CAPTURE_AUTORELEASING = YES;
				CLANG_WARN_BOOL_CONVERSION = YES;
				CLANG_WARN_COMMA = YES;
				CLANG_WARN_CONSTANT_CONVERSION = YES;
				CLANG_WARN_DEPRECATED_OBJC_IMPLEMENTATIONS = YES;
				CLANG_WARN_DIRECT_OBJC_ISA_USAGE = YES_ERROR;
				CLANG_WARN_DOCUMENTATION_COMMENTS = YES;
				CLANG_WARN_EMPTY_BODY = YES;
				CLANG_WARN_ENUM_CONVERSION = YES;
				CLANG_WARN_INFINITE_RECURSION = YES;
				CLANG_WARN_INT_CONVERSION = YES;
				CLANG_WARN_NON_LITERAL_NULL_CONVERSION = YES;
				CLANG_WARN_OBJC_IMPLICIT_RETAIN_SELF = YES;
				CLANG_WARN_OBJC_LITERAL_CONVERSION = YES;
				CLANG_WARN_OBJC_ROOT_CLASS = YES_ERROR;
				CLANG_WARN_QUOTED_INCLUDE_IN_FRAMEWORK_HEADER = YES;
				CLANG_WARN_RANGE_LOOP_ANALYSIS = YES;
				CLANG_WARN_STRICT_PROTOTYPES = YES;
				CLANG_WARN_SUSPICIOUS_MOVE = YES;
				CLANG_WARN_UNGUARDED_AVAILABILITY = YES_AGGRESSIVE;
				CLANG_WARN_UNREACHABLE_CODE = YES;
				CLANG_WARN__DUPLICATE_METHOD_MATCH = YES;
				COPY_PHASE_STRIP = NO;
				DEBUG_INFORMATION_FORMAT = dwarf;
				ENABLE_STRICT_OBJC_MSGSEND = YES;
				ENABLE_TESTABILITY = YES;
				GCC_C_LANGUAGE_STANDARD = gnu11;
				GCC_DYNAMIC_NO_PIC = NO;
				GCC_NO_COMMON_BLOCKS = YES;
				GCC_OPTIMIZATION_LEVEL = 0;
				GCC_PREPROCESSOR_DEFINITIONS = (
					"DEBUG=1",
					"$(inherited)",
				);
				GCC_WARN_64_TO_32_BIT_CONVERSION = YES;
				GCC_WARN_ABOUT_RETURN_TYPE = YES_ERROR;
				GCC_WARN_UNDECLARED_SELECTOR = YES;
				GCC_WARN_UNINITIALIZED_AUTOS = YES_AGGRESSIVE;
				GCC_WARN_UNUSED_FUNCTION = YES;
				GCC_WARN_UNUSED_VARIABLE = YES;
				IPHONEOS_DEPLOYMENT_TARGET = 14.2;
				MTL_ENABLE_DEBUG_INFO = INCLUDE_SOURCE;
				MTL_FAST_MATH = YES;
				ONLY_ACTIVE_ARCH = YES;
				SDKROOT = iphoneos;
				SWIFT_ACTIVE_COMPILATION_CONDITIONS = DEBUG;
				SWIFT_OPTIMIZATION_LEVEL = "-Onone";
			};
			name = Debug;
		};
		4E8A46AF25A4B18600F51C7C /* Release */ = {
			isa = XCBuildConfiguration;
			buildSettings = {
				ALWAYS_SEARCH_USER_PATHS = NO;
				CLANG_ANALYZER_NONNULL = YES;
				CLANG_ANALYZER_NUMBER_OBJECT_CONVERSION = YES_AGGRESSIVE;
				CLANG_CXX_LANGUAGE_STANDARD = "gnu++14";
				CLANG_CXX_LIBRARY = "libc++";
				CLANG_ENABLE_MODULES = YES;
				CLANG_ENABLE_OBJC_ARC = YES;
				CLANG_ENABLE_OBJC_WEAK = YES;
				CLANG_WARN_BLOCK_CAPTURE_AUTORELEASING = YES;
				CLANG_WARN_BOOL_CONVERSION = YES;
				CLANG_WARN_COMMA = YES;
				CLANG_WARN_CONSTANT_CONVERSION = YES;
				CLANG_WARN_DEPRECATED_OBJC_IMPLEMENTATIONS = YES;
				CLANG_WARN_DIRECT_OBJC_ISA_USAGE = YES_ERROR;
				CLANG_WARN_DOCUMENTATION_COMMENTS = YES;
				CLANG_WARN_EMPTY_BODY = YES;
				CLANG_WARN_ENUM_CONVERSION = YES;
				CLANG_WARN_INFINITE_RECURSION = YES;
				CLANG_WARN_INT_CONVERSION = YES;
				CLANG_WARN_NON_LITERAL_NULL_CONVERSION = YES;
				CLANG_WARN_OBJC_IMPLICIT_RETAIN_SELF = YES;
				CLANG_WARN_OBJC_LITERAL_CONVERSION = YES;
				CLANG_WARN_OBJC_ROOT_CLASS = YES_ERROR;
				CLANG_WARN_QUOTED_INCLUDE_IN_FRAMEWORK_HEADER = YES;
				CLANG_WARN_RANGE_LOOP_ANALYSIS = YES;
				CLANG_WARN_STRICT_PROTOTYPES = YES;
				CLANG_WARN_SUSPICIOUS_MOVE = YES;
				CLANG_WARN_UNGUARDED_AVAILABILITY = YES_AGGRESSIVE;
				CLANG_WARN_UNREACHABLE_CODE = YES;
				CLANG_WARN__DUPLICATE_METHOD_MATCH = YES;
				COPY_PHASE_STRIP = NO;
				DEBUG_INFORMATION_FORMAT = "dwarf-with-dsym";
				ENABLE_NS_ASSERTIONS = NO;
				ENABLE_STRICT_OBJC_MSGSEND = YES;
				GCC_C_LANGUAGE_STANDARD = gnu11;
				GCC_NO_COMMON_BLOCKS = YES;
				GCC_WARN_64_TO_32_BIT_CONVERSION = YES;
				GCC_WARN_ABOUT_RETURN_TYPE = YES_ERROR;
				GCC_WARN_UNDECLARED_SELECTOR = YES;
				GCC_WARN_UNINITIALIZED_AUTOS = YES_AGGRESSIVE;
				GCC_WARN_UNUSED_FUNCTION = YES;
				GCC_WARN_UNUSED_VARIABLE = YES;
				IPHONEOS_DEPLOYMENT_TARGET = 14.2;
				MTL_ENABLE_DEBUG_INFO = NO;
				MTL_FAST_MATH = YES;
				SDKROOT = iphoneos;
				SWIFT_COMPILATION_MODE = wholemodule;
				SWIFT_OPTIMIZATION_LEVEL = "-O";
				VALIDATE_PRODUCT = YES;
			};
			name = Release;
		};
		4E8A46B125A4B18600F51C7C /* Debug */ = {
			isa = XCBuildConfiguration;
			buildSettings = {
				ASSETCATALOG_COMPILER_APPICON_NAME = AppIcon;
				ASSETCATALOG_COMPILER_GLOBAL_ACCENT_COLOR_NAME = AccentColor;
				CODE_SIGN_STYLE = Automatic;
				DEVELOPMENT_ASSET_PATHS = "\"Memorize/Preview Content\"";
				DEVELOPMENT_TEAM = NCLZT97BSV;
				ENABLE_PREVIEWS = YES;
				INFOPLIST_FILE = Memorize/Info.plist;
				IPHONEOS_DEPLOYMENT_TARGET = 14.0;
				LD_RUNPATH_SEARCH_PATHS = (
					"$(inherited)",
					"@executable_path/Frameworks",
				);
				PRODUCT_BUNDLE_IDENTIFIER = com.twiio.Memorize.Memorize;
				PRODUCT_NAME = "$(TARGET_NAME)";
				SWIFT_VERSION = 5.0;
				TARGETED_DEVICE_FAMILY = "1,2";
			};
			name = Debug;
		};
		4E8A46B225A4B18600F51C7C /* Release */ = {
			isa = XCBuildConfiguration;
			buildSettings = {
				ASSETCATALOG_COMPILER_APPICON_NAME = AppIcon;
				ASSETCATALOG_COMPILER_GLOBAL_ACCENT_COLOR_NAME = AccentColor;
				CODE_SIGN_STYLE = Automatic;
				DEVELOPMENT_ASSET_PATHS = "\"Memorize/Preview Content\"";
				DEVELOPMENT_TEAM = NCLZT97BSV;
				ENABLE_PREVIEWS = YES;
				INFOPLIST_FILE = Memorize/Info.plist;
				IPHONEOS_DEPLOYMENT_TARGET = 14.0;
				LD_RUNPATH_SEARCH_PATHS = (
					"$(inherited)",
					"@executable_path/Frameworks",
				);
				PRODUCT_BUNDLE_IDENTIFIER = com.twiio.Memorize.Memorize;
				PRODUCT_NAME = "$(TARGET_NAME)";
				SWIFT_VERSION = 5.0;
				TARGETED_DEVICE_FAMILY = "1,2";
			};
			name = Release;
		};
/* End XCBuildConfiguration section */

/* Begin XCConfigurationList section */
		4E8A469C25A4B18400F51C7C /* Build configuration list for PBXProject "Memorize" */ = {
			isa = XCConfigurationList;
			buildConfigurations = (
				4E8A46AE25A4B18600F51C7C /* Debug */,
				4E8A46AF25A4B18600F51C7C /* Release */,
			);
			defaultConfigurationIsVisible = 0;
			defaultConfigurationName = Release;
		};
		4E8A46B025A4B18600F51C7C /* Build configuration list for PBXNativeTarget "Memorize" */ = {
			isa = XCConfigurationList;
			buildConfigurations = (
				4E8A46B125A4B18600F51C7C /* Debug */,
				4E8A46B225A4B18600F51C7C /* Release */,
			);
			defaultConfigurationIsVisible = 0;
			defaultConfigurationName = Release;
		};
/* End XCConfigurationList section */
	};
	rootObject = 4E8A469925A4B18400F51C7C /* Project object */;
}
